# Run ./gradlew writeVersionsLocks to regenerate this file. Blank lines are to minimize merge conflicts.

com.google.errorprone:error_prone_annotations:2.41.0 (1 constraints: 490a3ebf)

com.google.guava:failureaccess:1.0.3 (1 constraints: 160ae3b4)

com.google.guava:guava:33.5.0-jre (2 constraints: d41ec57d)

com.google.guava:listenablefuture:9999.0-empty-to-avoid-conflict-with-guava (1 constraints: bd17c918)

com.google.j2objc:j2objc-annotations:3.1 (1 constraints: b809f1a0)

org.jspecify:jspecify:1.0.0 (4 constraints: a13f56dd)



[Test dependencies]

cglib:cglib-nodep:3.2.2 (1 constraints: 490ded24)

com.netflix.nebula:nebula-test:10.6.2 (1 constraints: 3b053b3b)

com.palantir.gradle.plugintesting:plugin-testing-core:0.6.0 (1 constraints: 0805fd35)

junit:junit:4.13.2 (1 constraints: 1b0e1d4c)

org.apiguardian:apiguardian-api:1.1.2 (6 constraints: 5366ce6e)

org.codehaus.groovy:groovy:3.0.12 (2 constraints: 781b1f9d)

org.hamcrest:hamcrest:2.2 (1 constraints: d20cdc04)

org.hamcrest:hamcrest-core:1.3 (1 constraints: cc05fe3f)

org.junit.jupiter:junit-jupiter:5.8.2 (1 constraints: 11051e36)

org.junit.jupiter:junit-jupiter-api:5.8.2 (3 constraints: 762f77dd)

org.junit.jupiter:junit-jupiter-engine:5.8.2 (1 constraints: 0c0edf3b)

org.junit.jupiter:junit-jupiter-params:5.8.2 (1 constraints: 0c0edf3b)

org.junit.platform:junit-platform-commons:6.0.2 (2 constraints: da200c4b)

org.junit.platform:junit-platform-engine:6.0.2 (3 constraints: 2730d657)

org.junit.platform:junit-platform-launcher:6.0.2 (1 constraints: 0a050b36)

org.objenesis:objenesis:2.4 (1 constraints: ea0c8c0a)

org.opentest4j:opentest4j:1.3.0 (2 constraints: ce205e49)

org.spockframework:spock-core:2.3-groovy-3.0 (2 constraints: 922109a6)

org.spockframework:spock-junit4:2.3-groovy-3.0 (1 constraints: 7a1000b0)
