# Run ./gradlew --write-locks to regenerate this file
com.google.code.findbugs:jsr305:3.0.2 (1 constraints: 170aecb4)
com.google.errorprone:error_prone_annotations:2.5.1 (1 constraints: 1a0af5b4)
com.google.guava:failureaccess:1.0.1 (1 constraints: 140ae1b4)
com.google.guava:guava:30.1.1-jre (1 constraints: a5064e53)
com.google.guava:listenablefuture:9999.0-empty-to-avoid-conflict-with-guava (1 constraints: bd17c918)
com.google.j2objc:j2objc-annotations:1.3 (1 constraints: b809eda0)
org.checkerframework:checker-qual:3.8.0 (1 constraints: 1d0a02b5)

[Test dependencies]
cglib:cglib-nodep:3.3.0 (2 constraints: 7a1acf3c)
com.netflix.nebula:nebula-test:10.0.0 (1 constraints: 3305273b)
junit:junit:4.13 (1 constraints: bb0d1930)
net.bytebuddy:byte-buddy:1.10.16 (1 constraints: 950dfa39)
org.apiguardian:apiguardian-api:1.1.0 (4 constraints: 8947aca8)
org.assertj:assertj-core:3.16.1 (1 constraints: 3112dd01)
org.codehaus.groovy:groovy:3.0.6 (2 constraints: 1e1b476d)
org.hamcrest:hamcrest:2.2 (1 constraints: d20cdc04)
org.hamcrest:hamcrest-core:1.3 (1 constraints: cc05fe3f)
org.jetbrains:annotations:19.0.0 (1 constraints: 660d8f2c)
org.junit:junit-bom:5.7.0 (6 constraints: d462e1fb)
org.junit.platform:junit-platform-commons:1.7.0 (2 constraints: 7a1ae92a)
org.junit.platform:junit-platform-engine:1.7.0 (2 constraints: 561bbe65)
org.junit.platform:junit-platform-launcher:1.7.0 (2 constraints: 0c1bf449)
org.junit.platform:junit-platform-testkit:1.7.0 (1 constraints: 0f097495)
org.objenesis:objenesis:3.1 (2 constraints: bb193de0)
org.opentest4j:opentest4j:1.2.0 (2 constraints: 5f234a2f)
org.ow2.asm:asm:9.0 (1 constraints: d70cef04)
org.spockframework:spock-core:2.0-M4-groovy-3.0 (2 constraints: e822d65a)
org.spockframework:spock-junit4:2.0-M4-groovy-3.0 (1 constraints: 25115ddf)
