# Run ./gradlew writeVersionsLocks to regenerate this file. Blank lines are to minimize merge conflicts.

com.google.errorprone:error_prone_annotations:2.50.0 (1 constraints: 490a3fbf)

com.google.guava:failureaccess:1.0.3 (1 constraints: 160ae3b4)

com.google.guava:guava:33.7.1-jre (2 constraints: d71ea17e)

com.google.guava:listenablefuture:9999.0-empty-to-avoid-conflict-with-guava (1 constraints: bd17c918)

com.google.j2objc:j2objc-annotations:3.1 (1 constraints: b809f1a0)

org.jspecify:jspecify:1.0.1 (2 constraints: 5617bf62)



[Test dependencies]

cglib:cglib-nodep:3.2.2 (1 constraints: 490ded24)

com.netflix.nebula:nebula-test:12.1.0 (1 constraints: 3605343b)

com.palantir.gradle.plugintesting:plugin-testing-core:0.6.0 (1 constraints: 0805fd35)

io.leangen.geantyref:geantyref:1.3.16 (1 constraints: 670d722c)

junit:junit:4.13.2 (1 constraints: 1b0e1d4c)

net.bytebuddy:byte-buddy:1.18.3 (1 constraints: 530b55df)

org.apache.groovy:groovy:4.0.29 (2 constraints: 8a1bae9e)

org.apiguardian:apiguardian-api:1.1.2 (6 constraints: 5366ce6e)

org.assertj:assertj-core:3.27.7 (1 constraints: 850d8032)

org.hamcrest:hamcrest:3.0 (1 constraints: d10cdd04)

org.hamcrest:hamcrest-core:1.3 (1 constraints: cc05fe3f)

org.junit.jupiter:junit-jupiter:5.12.2 (1 constraints: 3c05493b)

org.junit.jupiter:junit-jupiter-api:5.12.2 (3 constraints: f72f4052)

org.junit.jupiter:junit-jupiter-engine:5.12.2 (1 constraints: 370e054a)

org.junit.jupiter:junit-jupiter-params:5.12.2 (1 constraints: 370e054a)

org.junit.platform:junit-platform-commons:1.14.3 (2 constraints: 3621f883)

org.junit.platform:junit-platform-engine:1.14.3 (3 constraints: b030b6d2)

org.junit.platform:junit-platform-launcher:1.14.3 (2 constraints: 86123532)

org.objenesis:objenesis:2.4 (1 constraints: ea0c8c0a)

org.opentest4j:opentest4j:1.3.0 (2 constraints: cf209249)

org.spockframework:spock-core:2.4-groovy-4.0 (2 constraints: 561900d9)

org.spockframework:spock-junit4:2.4-groovy-4.0 (1 constraints: 3c08e476)
